
Microsoft Visual Studio Solution File, Format Version 12.00
# Visual Studio 15
VisualStudioVersion = 15.0.28010.2048
MinimumVisualStudioVersion = 10.0.40219.1
Project("{FAE04EC0-301F-11D3-BF4B-00C04F79EFBC}") = "XLSStatisticsF", "XLSStatisticsF\XLSStatisticsF.csproj", "{3D97507A-936B-47D2-ABC3-45BA458967CA}"
EndProject
Global
	GlobalSection(SolutionConfigurationPlatforms) = preSolution
		Debug|Any CPU = Debug|Any CPU
		Release|Any CPU = Release|Any CPU
	EndGlobalSection
	GlobalSection(ProjectConfigurationPlatforms) = postSolution
		{3D97507A-936B-47D2-ABC3-45BA458967CA}.Debug|Any CPU.ActiveCfg = Debug|Any CPU
		{3D97507A-936B-47D2-ABC3-45BA458967CA}.Debug|Any CPU.Build.0 = Debug|Any CPU
		{3D97507A-936B-47D2-ABC3-45BA458967CA}.Release|Any CPU.ActiveCfg = Release|Any CPU
		{3D97507A-936B-47D2-ABC3-45BA458967CA}.Release|Any CPU.Build.0 = Release|Any CPU
	EndGlobalSection
	GlobalSection(SolutionProperties) = preSolution
		HideSolutionNode = FALSE
	EndGlobalSection
	GlobalSection(ExtensibilityGlobals) = postSolution
		SolutionGuid = {119716AC-F7D8-401A-9B72-D1F15F7DD62F}
	EndGlobalSection
EndGlobal
